
Microsoft Visual Studio Solution File, Format Version 12.00
# Visual Studio Version 16
VisualStudioVersion = 16.0.33328.57
MinimumVisualStudioVersion = 10.0.40219.1
Project("{FAE04EC0-301F-11D3-BF4B-00C04F79EFBC}") = "Talisma_TestUI", "Talisma_TestUI.csproj", "{A5D64D70-F70B-4B84-BB4F-4EE4DA26596B}"
EndProject
Global
	GlobalSection(SolutionConfigurationPlatforms) = preSolution
		Debug|Any CPU = Debug|Any CPU
		Release|Any CPU = Release|Any CPU
	EndGlobalSection
	GlobalSection(ProjectConfigurationPlatforms) = postSolution
		{A5D64D70-F70B-4B84-BB4F-4EE4DA26596B}.Debug|Any CPU.ActiveCfg = Debug|Any CPU
		{A5D64D70-F70B-4B84-BB4F-4EE4DA26596B}.Debug|Any CPU.Build.0 = Debug|Any CPU
		{A5D64D70-F70B-4B84-BB4F-4EE4DA26596B}.Release|Any CPU.ActiveCfg = Release|Any CPU
		{A5D64D70-F70B-4B84-BB4F-4EE4DA26596B}.Release|Any CPU.Build.0 = Release|Any CPU
	EndGlobalSection
	GlobalSection(SolutionProperties) = preSolution
		HideSolutionNode = FALSE
	EndGlobalSection
	GlobalSection(ExtensibilityGlobals) = postSolution
		SolutionGuid = {A31C6B16-2545-4416-A4B3-0DB83933B2E8}
	EndGlobalSection
EndGlobal
